lockfileVersion: '9.0'

settings:
  autoInstallPeers: true
  excludeLinksFromLockfile: false

importers:

  .:
    dependencies:
      antlr4ng:
        specifier: ^3.0.15
        version: 3.0.15

packages:

  antlr4ng@3.0.15:
    resolution: {integrity: sha512-VELFqTfcpGI2bj6ScMWuxM3FI6HOsojrgmnw3cCbUtsQ1DNOq32wJsjOt7vLvfIniyyuE1DIYegGcuFmn+jgyw==}

snapshots:

  antlr4ng@3.0.15: {}
