lockfileVersion: '9.0'

settings:
  autoInstallPeers: true
  excludeLinksFromLockfile: false

importers:

  .:
    dependencies:
      '@types/readline-sync':
        specifier: ^1.4.4
        version: 1.4.8
      antlr4ng:
        specifier: ^3.0.15
        version: 3.0.15
      readline:
        specifier: ^1.3.0
        version: 1.3.0
      readline-sync:
        specifier: ^1.4.10
        version: 1.4.10
    devDependencies:
      '@types/node':
        specifier: ^17.0.43
        version: 17.0.45

packages:

  '@types/node@17.0.45':
    resolution: {integrity: sha512-w+tIMs3rq2afQdsPJlODhoUEKzFP1ayaoyl1CcnwtIlsVe7K7bA1NGm4s3PraqTLlXnbIN84zuBlxBWo1u9BLw==}

  '@types/readline-sync@1.4.8':
    resolution: {integrity: sha512-BL7xOf0yKLA6baAX6MMOnYkoflUyj/c7y3pqMRfU0va7XlwHAOTOIo4x55P/qLfMsuaYdJJKubToLqRVmRtRZA==}

  antlr4ng@3.0.15:
    resolution: {integrity: sha512-VELFqTfcpGI2bj6ScMWuxM3FI6HOsojrgmnw3cCbUtsQ1DNOq32wJsjOt7vLvfIniyyuE1DIYegGcuFmn+jgyw==}

  readline-sync@1.4.10:
    resolution: {integrity: sha512-gNva8/6UAe8QYepIQH/jQ2qn91Qj0B9sYjMBBs3QOB8F2CXcKgLxQaJRP76sWVRQt+QU+8fAkCbCvjjMFu7Ycw==}
    engines: {node: '>= 0.8.0'}

  readline@1.3.0:
    resolution: {integrity: sha512-k2d6ACCkiNYz222Fs/iNze30rRJ1iIicW7JuX/7/cozvih6YCkFZH+J6mAFDVgv0dRBaAyr4jDqC95R2y4IADg==}

snapshots:

  '@types/node@17.0.45': {}

  '@types/readline-sync@1.4.8': {}

  antlr4ng@3.0.15: {}

  readline-sync@1.4.10: {}

  readline@1.3.0: {}
